
Microsoft Visual Studio Solution File, Format Version 12.00
# Visual Studio 15
VisualStudioVersion = 15.0.28307.1758
MinimumVisualStudioVersion = 10.0.40219.1
Project("{8BC9CEB8-8B4A-11D0-8D11-00A0C91BC942}") = "calculate tax", "calculate tax\calculate tax.vcxproj", "{7FF2AD22-5D19-4960-A93B-F49DAD236C1A}"
EndProject
Global
	GlobalSection(SolutionConfigurationPlatforms) = preSolution
		Debug|x64 = Debug|x64
		Debug|x86 = Debug|x86
		Release|x64 = Release|x64
		Release|x86 = Release|x86
	EndGlobalSection
	GlobalSection(ProjectConfigurationPlatforms) = postSolution
		{7FF2AD22-5D19-4960-A93B-F49DAD236C1A}.Debug|x64.ActiveCfg = Debug|x64
		{7FF2AD22-5D19-4960-A93B-F49DAD236C1A}.Debug|x64.Build.0 = Debug|x64
		{7FF2AD22-5D19-4960-A93B-F49DAD236C1A}.Debug|x86.ActiveCfg = Debug|Win32
		{7FF2AD22-5D19-4960-A93B-F49DAD236C1A}.Debug|x86.Build.0 = Debug|Win32
		{7FF2AD22-5D19-4960-A93B-F49DAD236C1A}.Release|x64.ActiveCfg = Release|x64
		{7FF2AD22-5D19-4960-A93B-F49DAD236C1A}.Release|x64.Build.0 = Release|x64
		{7FF2AD22-5D19-4960-A93B-F49DAD236C1A}.Release|x86.ActiveCfg = Release|Win32
		{7FF2AD22-5D19-4960-A93B-F49DAD236C1A}.Release|x86.Build.0 = Release|Win32
	EndGlobalSection
	GlobalSection(SolutionProperties) = preSolution
		HideSolutionNode = FALSE
	EndGlobalSection
	GlobalSection(ExtensibilityGlobals) = postSolution
		SolutionGuid = {0C329018-4A39-41A2-B6A5-8107C8248317}
	EndGlobalSection
EndGlobal
