
Microsoft Visual Studio Solution File, Format Version 12.00
# Visual Studio 15
VisualStudioVersion = 15.0.28307.1758
MinimumVisualStudioVersion = 10.0.40219.1
Project("{8BC9CEB8-8B4A-11D0-8D11-00A0C91BC942}") = "multiplication table", "multiplication table\multiplication table.vcxproj", "{3AC2FED5-C74F-4843-AE09-DCD8C7CF2807}"
EndProject
Global
	GlobalSection(SolutionConfigurationPlatforms) = preSolution
		Debug|x64 = Debug|x64
		Debug|x86 = Debug|x86
		Release|x64 = Release|x64
		Release|x86 = Release|x86
	EndGlobalSection
	GlobalSection(ProjectConfigurationPlatforms) = postSolution
		{3AC2FED5-C74F-4843-AE09-DCD8C7CF2807}.Debug|x64.ActiveCfg = Debug|x64
		{3AC2FED5-C74F-4843-AE09-DCD8C7CF2807}.Debug|x64.Build.0 = Debug|x64
		{3AC2FED5-C74F-4843-AE09-DCD8C7CF2807}.Debug|x86.ActiveCfg = Debug|Win32
		{3AC2FED5-C74F-4843-AE09-DCD8C7CF2807}.Debug|x86.Build.0 = Debug|Win32
		{3AC2FED5-C74F-4843-AE09-DCD8C7CF2807}.Release|x64.ActiveCfg = Release|x64
		{3AC2FED5-C74F-4843-AE09-DCD8C7CF2807}.Release|x64.Build.0 = Release|x64
		{3AC2FED5-C74F-4843-AE09-DCD8C7CF2807}.Release|x86.ActiveCfg = Release|Win32
		{3AC2FED5-C74F-4843-AE09-DCD8C7CF2807}.Release|x86.Build.0 = Release|Win32
	EndGlobalSection
	GlobalSection(SolutionProperties) = preSolution
		HideSolutionNode = FALSE
	EndGlobalSection
	GlobalSection(ExtensibilityGlobals) = postSolution
		SolutionGuid = {C88C5D8F-1F9B-44F4-BC47-9954CB51CE66}
	EndGlobalSection
EndGlobal
